
Microsoft Visual Studio Solution File, Format Version 12.00
# Visual Studio Version 17
VisualStudioVersion = 17.8.34322.80
MinimumVisualStudioVersion = 10.0.40219.1
Project("{9A19103F-16F7-4668-BE54-9A1E7A4F7556}") = "RealTimeTaskManagement.Presentation", "RealTimeTaskManagement.Presentation\RealTimeTaskManagement.Presentation.csproj", "{79937449-AE94-474E-9C30-273A82F2DB64}"
EndProject
Project("{9A19103F-16F7-4668-BE54-9A1E7A4F7556}") = "RealTimeTaskManagement.Services", "RealTimeTaskManagement.Services\RealTimeTaskManagement.Services.csproj", "{F5917E75-8DBE-442C-A1AF-AC5871AFDF42}"
EndProject
Project("{9A19103F-16F7-4668-BE54-9A1E7A4F7556}") = "RealTimeTaskManagement.Data", "RealTimeTaskManagement.Data\RealTimeTaskManagement.Data.csproj", "{17BEF2B3-EB62-4E2A-B9E2-177EF5D126FE}"
EndProject
Project("{9A19103F-16F7-4668-BE54-9A1E7A4F7556}") = "RealTimeTaskManagement.Models", "RealTimeTaskManagement.Models\RealTimeTaskManagement.Models.csproj", "{7AA83556-0497-49FB-A429-2409DCD735BE}"
EndProject
Project("{9A19103F-16F7-4668-BE54-9A1E7A4F7556}") = "RealTimeTaskManagement.Common", "RealTimeTaskManagement.Common\RealTimeTaskManagement.Common.csproj", "{254BD8A1-25CF-44AC-B4B1-ACB3B5576AFF}"
EndProject
Project("{FAE04EC0-301F-11D3-BF4B-00C04F79EFBC}") = "RealTimeTaskManagement.Payment.RazorPay", "RealTimeTaskManagement.Payment.RazorPay\RealTimeTaskManagement.Payment.RazorPay.csproj", "{EB5623A8-9E0A-40AA-9E16-C4A5DC55F260}"
EndProject
Project("{FAE04EC0-301F-11D3-BF4B-00C04F79EFBC}") = "RealTimeTaskManagement.Payment.PhonePe", "RealTimeTaskManagement.Payment.PhonePe\RealTimeTaskManagement.Payment.PhonePe.csproj", "{E064A8D5-C513-4E23-A6CA-7F97C070904B}"
EndProject
Global
	GlobalSection(SolutionConfigurationPlatforms) = preSolution
		Debug|Any CPU = Debug|Any CPU
		Release|Any CPU = Release|Any CPU
	EndGlobalSection
	GlobalSection(ProjectConfigurationPlatforms) = postSolution
		{79937449-AE94-474E-9C30-273A82F2DB64}.Debug|Any CPU.ActiveCfg = Debug|Any CPU
		{79937449-AE94-474E-9C30-273A82F2DB64}.Debug|Any CPU.Build.0 = Debug|Any CPU
		{79937449-AE94-474E-9C30-273A82F2DB64}.Release|Any CPU.ActiveCfg = Release|Any CPU
		{79937449-AE94-474E-9C30-273A82F2DB64}.Release|Any CPU.Build.0 = Release|Any CPU
		{F5917E75-8DBE-442C-A1AF-AC5871AFDF42}.Debug|Any CPU.ActiveCfg = Debug|Any CPU
		{F5917E75-8DBE-442C-A1AF-AC5871AFDF42}.Debug|Any CPU.Build.0 = Debug|Any CPU
		{F5917E75-8DBE-442C-A1AF-AC5871AFDF42}.Release|Any CPU.ActiveCfg = Release|Any CPU
		{F5917E75-8DBE-442C-A1AF-AC5871AFDF42}.Release|Any CPU.Build.0 = Release|Any CPU
		{17BEF2B3-EB62-4E2A-B9E2-177EF5D126FE}.Debug|Any CPU.ActiveCfg = Debug|Any CPU
		{17BEF2B3-EB62-4E2A-B9E2-177EF5D126FE}.Debug|Any CPU.Build.0 = Debug|Any CPU
		{17BEF2B3-EB62-4E2A-B9E2-177EF5D126FE}.Release|Any CPU.ActiveCfg = Release|Any CPU
		{17BEF2B3-EB62-4E2A-B9E2-177EF5D126FE}.Release|Any CPU.Build.0 = Release|Any CPU
		{7AA83556-0497-49FB-A429-2409DCD735BE}.Debug|Any CPU.ActiveCfg = Debug|Any CPU
		{7AA83556-0497-49FB-A429-2409DCD735BE}.Debug|Any CPU.Build.0 = Debug|Any CPU
		{7AA83556-0497-49FB-A429-2409DCD735BE}.Release|Any CPU.ActiveCfg = Release|Any CPU
		{7AA83556-0497-49FB-A429-2409DCD735BE}.Release|Any CPU.Build.0 = Release|Any CPU
		{254BD8A1-25CF-44AC-B4B1-ACB3B5576AFF}.Debug|Any CPU.ActiveCfg = Debug|Any CPU
		{254BD8A1-25CF-44AC-B4B1-ACB3B5576AFF}.Debug|Any CPU.Build.0 = Debug|Any CPU
		{254BD8A1-25CF-44AC-B4B1-ACB3B5576AFF}.Release|Any CPU.ActiveCfg = Release|Any CPU
		{254BD8A1-25CF-44AC-B4B1-ACB3B5576AFF}.Release|Any CPU.Build.0 = Release|Any CPU
		{EB5623A8-9E0A-40AA-9E16-C4A5DC55F260}.Debug|Any CPU.ActiveCfg = Debug|Any CPU
		{EB5623A8-9E0A-40AA-9E16-C4A5DC55F260}.Debug|Any CPU.Build.0 = Debug|Any CPU
		{EB5623A8-9E0A-40AA-9E16-C4A5DC55F260}.Release|Any CPU.ActiveCfg = Release|Any CPU
		{EB5623A8-9E0A-40AA-9E16-C4A5DC55F260}.Release|Any CPU.Build.0 = Release|Any CPU
		{E064A8D5-C513-4E23-A6CA-7F97C070904B}.Debug|Any CPU.ActiveCfg = Debug|Any CPU
		{E064A8D5-C513-4E23-A6CA-7F97C070904B}.Debug|Any CPU.Build.0 = Debug|Any CPU
		{E064A8D5-C513-4E23-A6CA-7F97C070904B}.Release|Any CPU.ActiveCfg = Release|Any CPU
		{E064A8D5-C513-4E23-A6CA-7F97C070904B}.Release|Any CPU.Build.0 = Release|Any CPU
	EndGlobalSection
	GlobalSection(SolutionProperties) = preSolution
		HideSolutionNode = FALSE
	EndGlobalSection
	GlobalSection(ExtensibilityGlobals) = postSolution
		SolutionGuid = {8368080C-BBC3-487F-8820-FA8D5DD30A97}
	EndGlobalSection
EndGlobal
